// !$*UTF8*$!
{
	archiveVersion = 1;
	classes = {
	};
	objectVersion = 53;
	objects = {

/* Begin PBXBuildFile section */
		0C85177625601DF4007597B9 /* Assets.xcassets in Resources */ = {isa = PBXBuildFile; fileRef = 0C85177525601DF4007597B9 /* Assets.xcassets */; };
		163F502529AE612300B8E648 /* SuperApp.swift in Sources */ = {isa = PBXBuildFile; fileRef = 163F502429AE612300B8E648 /* SuperApp.swift */; };
		1658241629AE622400355D55 /* CoreKit in Frameworks */ = {isa = PBXBuildFile; productRef = 1658241529AE622400355D55 /* CoreKit */; };
		1658241829AE622400355D55 /* Injection in Frameworks */ = {isa = PBXBuildFile; productRef = 1658241729AE622400355D55 /* Injection */; };
		1658241A29AE622400355D55 /* TMDbApp in Frameworks */ = {isa = PBXBuildFile; productRef = 1658241929AE622400355D55 /* TMDbApp */; };
/* End PBXBuildFile section */

/* Begin PBXFileReference section */
		0C85176925601DF3007597B9 /* TMDb Index.app */ = {isa = PBXFileReference; explicitFileType = wrapper.application; includeInIndex = 0; path = "TMDb Index.app"; sourceTree = BUILT_PRODUCTS_DIR; };
		0C85177525601DF4007597B9 /* Assets.xcassets */ = {isa = PBXFileReference; lastKnownFileType = folder.assetcatalog; path = Assets.xcassets; sourceTree = "<group>"; };
		0C85177A25601DF4007597B9 /* Info.plist */ = {isa = PBXFileReference; lastKnownFileType = text.plist.xml; path = Info.plist; sourceTree = "<group>"; };
		163F502429AE612300B8E648 /* SuperApp.swift */ = {isa = PBXFileReference; fileEncoding = 4; lastKnownFileType = sourcecode.swift; path = SuperApp.swift; sourceTree = "<group>"; };
		163F502729AE616500B8E648 /* CoreApp */ = {isa = PBXFileReference; lastKnownFileType = wrapper; path = CoreApp; sourceTree = "<group>"; };
		163F502829AE616500B8E648 /* CoreKit */ = {isa = PBXFileReference; lastKnownFileType = wrapper; path = CoreKit; sourceTree = "<group>"; };
		163F502929AE616500B8E648 /* Injection */ = {isa = PBXFileReference; lastKnownFileType = wrapper; path = Injection; sourceTree = "<group>"; };
		163F502A29AE616500B8E648 /* TMDbApp */ = {isa = PBXFileReference; lastKnownFileType = wrapper; path = TMDbApp; sourceTree = "<group>"; };
		163F502B29AE616500B8E648 /* CoreStorage */ = {isa = PBXFileReference; lastKnownFileType = wrapper; path = CoreStorage; sourceTree = "<group>"; };
		163F502C29AE616500B8E648 /* CoreScene */ = {isa = PBXFileReference; lastKnownFileType = wrapper; path = CoreScene; sourceTree = "<group>"; };
		163F502D29AE616500B8E648 /* DataKit */ = {isa = PBXFileReference; lastKnownFileType = wrapper; path = DataKit; sourceTree = "<group>"; };
		163F502E29AE616500B8E648 /* CoreNetwork */ = {isa = PBXFileReference; lastKnownFileType = wrapper; path = CoreNetwork; sourceTree = "<group>"; };
		163F503029AE617A00B8E648 /* MoviesFeature */ = {isa = PBXFileReference; lastKnownFileType = wrapper; path = MoviesFeature; sourceTree = "<group>"; };
/* End PBXFileReference section */

/* Begin PBXFrameworksBuildPhase section */
		0C85176625601DF3007597B9 /* Frameworks */ = {
			isa = PBXFrameworksBuildPhase;
			buildActionMask = 2147483647;
			files = (
				1658241A29AE622400355D55 /* TMDbApp in Frameworks */,
				1658241829AE622400355D55 /* Injection in Frameworks */,
				1658241629AE622400355D55 /* CoreKit in Frameworks */,
			);
			runOnlyForDeploymentPostprocessing = 0;
		};
/* End PBXFrameworksBuildPhase section */

/* Begin PBXGroup section */
		0C85176025601DF3007597B9 = {
			isa = PBXGroup;
			children = (
				0C85176B25601DF3007597B9 /* TMDb Index */,
				163F502629AE614300B8E648 /* Modules */,
				0C85176A25601DF3007597B9 /* Products */,
				1658241429AE622400355D55 /* Frameworks */,
			);
			sourceTree = "<group>";
		};
		0C85176A25601DF3007597B9 /* Products */ = {
			isa = PBXGroup;
			children = (
				0C85176925601DF3007597B9 /* TMDb Index.app */,
			);
			name = Products;
			sourceTree = "<group>";
		};
		0C85176B25601DF3007597B9 /* TMDb Index */ = {
			isa = PBXGroup;
			children = (
				163F502429AE612300B8E648 /* SuperApp.swift */,
				0C85177525601DF4007597B9 /* Assets.xcassets */,
				0C85177A25601DF4007597B9 /* Info.plist */,
			);
			path = "TMDb Index";
			sourceTree = "<group>";
		};
		163F502629AE614300B8E648 /* Modules */ = {
			isa = PBXGroup;
			children = (
				163F502F29AE616800B8E648 /* Features */,
				163F502729AE616500B8E648 /* CoreApp */,
				163F502829AE616500B8E648 /* CoreKit */,
				163F502E29AE616500B8E648 /* CoreNetwork */,
				163F502C29AE616500B8E648 /* CoreScene */,
				163F502B29AE616500B8E648 /* CoreStorage */,
				163F502D29AE616500B8E648 /* DataKit */,
				163F502929AE616500B8E648 /* Injection */,
				163F502A29AE616500B8E648 /* TMDbApp */,
			);
			path = Modules;
			sourceTree = "<group>";
		};
		163F502F29AE616800B8E648 /* Features */ = {
			isa = PBXGroup;
			children = (
				163F503029AE617A00B8E648 /* MoviesFeature */,
			);
			path = Features;
			sourceTree = "<group>";
		};
		1658241429AE622400355D55 /* Frameworks */ = {
			isa = PBXGroup;
			children = (
			);
			name = Frameworks;
			sourceTree = "<group>";
		};
/* End PBXGroup section */

/* Begin PBXNativeTarget section */
		0C85176825601DF3007597B9 /* TMDb Index */ = {
			isa = PBXNativeTarget;
			buildConfigurationList = 0C85177D25601DF4007597B9 /* Build configuration list for PBXNativeTarget "TMDb Index" */;
			buildPhases = (
				0C85176525601DF3007597B9 /* Sources */,
				0C85176625601DF3007597B9 /* Frameworks */,
				0C85176725601DF3007597B9 /* Resources */,
			);
			buildRules = (
			);
			dependencies = (
			);
			name = "TMDb Index";
			packageProductDependencies = (
				1658241529AE622400355D55 /* CoreKit */,
				1658241729AE622400355D55 /* Injection */,
				1658241929AE622400355D55 /* TMDbApp */,
			);
			productName = "TMDb Index";
			productReference = 0C85176925601DF3007597B9 /* TMDb Index.app */;
			productType = "com.apple.product-type.application";
		};
/* End PBXNativeTarget section */

/* Begin PBXProject section */
		0C85176125601DF3007597B9 /* Project object */ = {
			isa = PBXProject;
			attributes = {
				BuildIndependentTargetsInParallel = YES;
				LastSwiftUpdateCheck = 1220;
				LastUpgradeCheck = 1220;
				TargetAttributes = {
					0C85176825601DF3007597B9 = {
						CreatedOnToolsVersion = 12.2;
						LastSwiftMigration = 1420;
					};
				};
			};
			buildConfigurationList = 0C85176425601DF3007597B9 /* Build configuration list for PBXProject "TMDb Index" */;
			compatibilityVersion = "Xcode 9.3";
			developmentRegion = en;
			hasScannedForEncodings = 0;
			knownRegions = (
				en,
				Base,
			);
			mainGroup = 0C85176025601DF3007597B9;
			packageReferences = (
			);
			productRefGroup = 0C85176A25601DF3007597B9 /* Products */;
			projectDirPath = "";
			projectRoot = "";
			targets = (
				0C85176825601DF3007597B9 /* TMDb Index */,
			);
		};
/* End PBXProject section */

/* Begin PBXResourcesBuildPhase section */
		0C85176725601DF3007597B9 /* Resources */ = {
			isa = PBXResourcesBuildPhase;
			buildActionMask = 2147483647;
			files = (
				0C85177625601DF4007597B9 /* Assets.xcassets in Resources */,
			);
			runOnlyForDeploymentPostprocessing = 0;
		};
/* End PBXResourcesBuildPhase section */

/* Begin PBXSourcesBuildPhase section */
		0C85176525601DF3007597B9 /* Sources */ = {
			isa = PBXSourcesBuildPhase;
			buildActionMask = 2147483647;
			files = (
				163F502529AE612300B8E648 /* SuperApp.swift in Sources */,
			);
			runOnlyForDeploymentPostprocessing = 0;
		};
/* End PBXSourcesBuildPhase section */

/* Begin XCBuildConfiguration section */
		0C85177B25601DF4007597B9 /* Debug */ = {
			isa = XCBuildConfiguration;
			buildSettings = {
				ALWAYS_SEARCH_USER_PATHS = NO;
				CLANG_ANALYZER_NONNULL = YES;
				CLANG_ANALYZER_NUMBER_OBJECT_CONVERSION = YES_AGGRESSIVE;
				CLANG_CXX_LANGUAGE_STANDARD = "gnu++20";
				CLANG_CXX_LIBRARY = "libc++";
				CLANG_ENABLE_MODULES = YES;
				CLANG_ENABLE_OBJC_ARC = YES;
				CLANG_ENABLE_OBJC_WEAK = YES;
				CLANG_WARN_BLOCK_CAPTURE_AUTORELEASING = YES;
				CLANG_WARN_BOOL_CONVERSION = YES;
				CLANG_WARN_COMMA = YES;
				CLANG_WARN_CONSTANT_CONVERSION = YES;
				CLANG_WARN_DEPRECATED_OBJC_IMPLEMENTATIONS = YES;
				CLANG_WARN_DIRECT_OBJC_ISA_USAGE = YES_ERROR;
				CLANG_WARN_DOCUMENTATION_COMMENTS = YES;
				CLANG_WARN_EMPTY_BODY = YES;
				CLANG_WARN_ENUM_CONVERSION = YES;
				CLANG_WARN_INFINITE_RECURSION = YES;
				CLANG_WARN_INT_CONVERSION = YES;
				CLANG_WARN_NON_LITERAL_NULL_CONVERSION = YES;
				CLANG_WARN_OBJC_IMPLICIT_RETAIN_SELF = YES;
				CLANG_WARN_OBJC_LITERAL_CONVERSION = YES;
				CLANG_WARN_OBJC_ROOT_CLASS = YES_ERROR;
				CLANG_WARN_QUOTED_INCLUDE_IN_FRAMEWORK_HEADER = YES;
				CLANG_WARN_RANGE_LOOP_ANALYSIS = YES;
				CLANG_WARN_STRICT_PROTOTYPES = YES;
				CLANG_WARN_SUSPICIOUS_MOVE = YES;
				CLANG_WARN_UNGUARDED_AVAILABILITY = YES_AGGRESSIVE;
				CLANG_WARN_UNREACHABLE_CODE = YES;
				CLANG_WARN__DUPLICATE_METHOD_MATCH = YES;
				COPY_PHASE_STRIP = NO;
				DEBUG_INFORMATION_FORMAT = dwarf;
				ENABLE_STRICT_OBJC_MSGSEND = YES;
				ENABLE_TESTABILITY = YES;
				GCC_C_LANGUAGE_STANDARD = gnu11;
				GCC_DYNAMIC_NO_PIC = NO;
				GCC_NO_COMMON_BLOCKS = YES;
				GCC_OPTIMIZATION_LEVEL = 0;
				GCC_PREPROCESSOR_DEFINITIONS = (
					"DEBUG=1",
					"$(inherited)",
				);
				GCC_WARN_64_TO_32_BIT_CONVERSION = YES;
				GCC_WARN_ABOUT_RETURN_TYPE = YES_ERROR;
				GCC_WARN_UNDECLARED_SELECTOR = YES;
				GCC_WARN_UNINITIALIZED_AUTOS = YES_AGGRESSIVE;
				GCC_WARN_UNUSED_FUNCTION = YES;
				GCC_WARN_UNUSED_VARIABLE = YES;
				IPHONEOS_DEPLOYMENT_TARGET = 16.0;
				MTL_ENABLE_DEBUG_INFO = INCLUDE_SOURCE;
				MTL_FAST_MATH = YES;
				ONLY_ACTIVE_ARCH = YES;
				SDKROOT = iphoneos;
				SWIFT_ACTIVE_COMPILATION_CONDITIONS = DEBUG;
				SWIFT_OPTIMIZATION_LEVEL = "-Onone";
			};
			name = Debug;
		};
		0C85177C25601DF4007597B9 /* Release */ = {
			isa = XCBuildConfiguration;
			buildSettings = {
				ALWAYS_SEARCH_USER_PATHS = NO;
				CLANG_ANALYZER_NONNULL = YES;
				CLANG_ANALYZER_NUMBER_OBJECT_CONVERSION = YES_AGGRESSIVE;
				CLANG_CXX_LANGUAGE_STANDARD = "gnu++20";
				CLANG_CXX_LIBRARY = "libc++";
				CLANG_ENABLE_MODULES = YES;
				CLANG_ENABLE_OBJC_ARC = YES;
				CLANG_ENABLE_OBJC_WEAK = YES;
				CLANG_WARN_BLOCK_CAPTURE_AUTORELEASING = YES;
				CLANG_WARN_BOOL_CONVERSION = YES;
				CLANG_WARN_COMMA = YES;
				CLANG_WARN_CONSTANT_CONVERSION = YES;
				CLANG_WARN_DEPRECATED_OBJC_IMPLEMENTATIONS = YES;
				CLANG_WARN_DIRECT_OBJC_ISA_USAGE = YES_ERROR;
				CLANG_WARN_DOCUMENTATION_COMMENTS = YES;
				CLANG_WARN_EMPTY_BODY = YES;
				CLANG_WARN_ENUM_CONVERSION = YES;
				CLANG_WARN_INFINITE_RECURSION = YES;
				CLANG_WARN_INT_CONVERSION = YES;
				CLANG_WARN_NON_LITERAL_NULL_CONVERSION = YES;
				CLANG_WARN_OBJC_IMPLICIT_RETAIN_SELF = YES;
				CLANG_WARN_OBJC_LITERAL_CONVERSION = YES;
				CLANG_WARN_OBJC_ROOT_CLASS = YES_ERROR;
				CLANG_WARN_QUOTED_INCLUDE_IN_FRAMEWORK_HEADER = YES;
				CLANG_WARN_RANGE_LOOP_ANALYSIS = YES;
				CLANG_WARN_STRICT_PROTOTYPES = YES;
				CLANG_WARN_SUSPICIOUS_MOVE = YES;
				CLANG_WARN_UNGUARDED_AVAILABILITY = YES_AGGRESSIVE;
				CLANG_WARN_UNREACHABLE_CODE = YES;
				CLANG_WARN__DUPLICATE_METHOD_MATCH = YES;
				COPY_PHASE_STRIP = NO;
				DEBUG_INFORMATION_FORMAT = "dwarf-with-dsym";
				ENABLE_NS_ASSERTIONS = NO;
				ENABLE_STRICT_OBJC_MSGSEND = YES;
				GCC_C_LANGUAGE_STANDARD = gnu11;
				GCC_NO_COMMON_BLOCKS = YES;
				GCC_WARN_64_TO_32_BIT_CONVERSION = YES;
				GCC_WARN_ABOUT_RETURN_TYPE = YES_ERROR;
				GCC_WARN_UNDECLARED_SELECTOR = YES;
				GCC_WARN_UNINITIALIZED_AUTOS = YES_AGGRESSIVE;
				GCC_WARN_UNUSED_FUNCTION = YES;
				GCC_WARN_UNUSED_VARIABLE = YES;
				IPHONEOS_DEPLOYMENT_TARGET = 16.0;
				MTL_ENABLE_DEBUG_INFO = NO;
				MTL_FAST_MATH = YES;
				SDKROOT = iphoneos;
				SWIFT_COMPILATION_MODE = wholemodule;
				SWIFT_OPTIMIZATION_LEVEL = "-O";
				VALIDATE_PRODUCT = YES;
			};
			name = Release;
		};
		0C85177E25601DF4007597B9 /* Debug */ = {
			isa = XCBuildConfiguration;
			buildSettings = {
				ASSETCATALOG_COMPILER_APPICON_NAME = AppIcon;
				ASSETCATALOG_COMPILER_GLOBAL_ACCENT_COLOR_NAME = AccentColor;
				CLANG_ENABLE_MODULES = YES;
				CODE_SIGN_STYLE = Manual;
				CURRENT_PROJECT_VERSION = 1;
				DEVELOPMENT_TEAM = "";
				GENERATE_INFOPLIST_FILE = YES;
				INFOPLIST_FILE = "TMDb Index/Info.plist";
				INFOPLIST_KEY_CFBundleDisplayName = TMDb;
				INFOPLIST_KEY_UIApplicationSceneManifest_Generation = YES;
				INFOPLIST_KEY_UIApplicationSupportsIndirectInputEvents = YES;
				INFOPLIST_KEY_UILaunchScreen_Generation = YES;
				INFOPLIST_KEY_UISupportedInterfaceOrientations = "UIInterfaceOrientationLandscapeLeft UIInterfaceOrientationLandscapeRight UIInterfaceOrientationPortrait";
				INFOPLIST_KEY_UISupportedInterfaceOrientations_iPad = UIInterfaceOrientationPortrait;
				LD_RUNPATH_SEARCH_PATHS = (
					"$(inherited)",
					"@executable_path/Frameworks",
				);
				MARKETING_VERSION = 1.0;
				PRODUCT_BUNDLE_IDENTIFIER = "com.brennobemoura.TMDb-Index";
				PRODUCT_NAME = "$(TARGET_NAME)";
				PROVISIONING_PROFILE_SPECIFIER = "";
				SUPPORTED_PLATFORMS = "iphoneos iphonesimulator";
				SUPPORTS_MACCATALYST = NO;
				SUPPORTS_MAC_DESIGNED_FOR_IPHONE_IPAD = NO;
				SWIFT_OPTIMIZATION_LEVEL = "-Onone";
				SWIFT_VERSION = 5.0;
				TARGETED_DEVICE_FAMILY = 1;
			};
			name = Debug;
		};
		0C85177F25601DF4007597B9 /* Release */ = {
			isa = XCBuildConfiguration;
			buildSettings = {
				ASSETCATALOG_COMPILER_APPICON_NAME = AppIcon;
				ASSETCATALOG_COMPILER_GLOBAL_ACCENT_COLOR_NAME = AccentColor;
				CLANG_ENABLE_MODULES = YES;
				CODE_SIGN_STYLE = Manual;
				CURRENT_PROJECT_VERSION = 1;
				DEVELOPMENT_TEAM = "";
				GENERATE_INFOPLIST_FILE = YES;
				INFOPLIST_FILE = "TMDb Index/Info.plist";
				INFOPLIST_KEY_CFBundleDisplayName = TMDb;
				INFOPLIST_KEY_UIApplicationSceneManifest_Generation = YES;
				INFOPLIST_KEY_UIApplicationSupportsIndirectInputEvents = YES;
				INFOPLIST_KEY_UILaunchScreen_Generation = YES;
				INFOPLIST_KEY_UISupportedInterfaceOrientations = "UIInterfaceOrientationLandscapeLeft UIInterfaceOrientationLandscapeRight UIInterfaceOrientationPortrait";
				INFOPLIST_KEY_UISupportedInterfaceOrientations_iPad = UIInterfaceOrientationPortrait;
				LD_RUNPATH_SEARCH_PATHS = (
					"$(inherited)",
					"@executable_path/Frameworks",
				);
				MARKETING_VERSION = 1.0;
				PRODUCT_BUNDLE_IDENTIFIER = "com.brennobemoura.TMDb-Index";
				PRODUCT_NAME = "$(TARGET_NAME)";
				PROVISIONING_PROFILE_SPECIFIER = "";
				SUPPORTED_PLATFORMS = "iphoneos iphonesimulator";
				SUPPORTS_MACCATALYST = NO;
				SUPPORTS_MAC_DESIGNED_FOR_IPHONE_IPAD = NO;
				SWIFT_VERSION = 5.0;
				TARGETED_DEVICE_FAMILY = 1;
			};
			name = Release;
		};
/* End XCBuildConfiguration section */

/* Begin XCConfigurationList section */
		0C85176425601DF3007597B9 /* Build configuration list for PBXProject "TMDb Index" */ = {
			isa = XCConfigurationList;
			buildConfigurations = (
				0C85177B25601DF4007597B9 /* Debug */,
				0C85177C25601DF4007597B9 /* Release */,
			);
			defaultConfigurationIsVisible = 0;
			defaultConfigurationName = Release;
		};
		0C85177D25601DF4007597B9 /* Build configuration list for PBXNativeTarget "TMDb Index" */ = {
			isa = XCConfigurationList;
			buildConfigurations = (
				0C85177E25601DF4007597B9 /* Debug */,
				0C85177F25601DF4007597B9 /* Release */,
			);
			defaultConfigurationIsVisible = 0;
			defaultConfigurationName = Release;
		};
/* End XCConfigurationList section */

/* Begin XCSwiftPackageProductDependency section */
		1658241529AE622400355D55 /* CoreKit */ = {
			isa = XCSwiftPackageProductDependency;
			productName = CoreKit;
		};
		1658241729AE622400355D55 /* Injection */ = {
			isa = XCSwiftPackageProductDependency;
			productName = Injection;
		};
		1658241929AE622400355D55 /* TMDbApp */ = {
			isa = XCSwiftPackageProductDependency;
			productName = TMDbApp;
		};
/* End XCSwiftPackageProductDependency section */
	};
	rootObject = 0C85176125601DF3007597B9 /* Project object */;
}
