// !$*UTF8*$!
{
	archiveVersion = 1;
	classes = {
	};
	objectVersion = 56;
	objects = {

/* Begin PBXBuildFile section */
		164830AE29C3ECE9005E5E42 /* LoginApp in Frameworks */ = {isa = PBXBuildFile; productRef = 164830AD29C3ECE9005E5E42 /* LoginApp */; };
		164830B029C3ECE9005E5E42 /* MoviesApp in Frameworks */ = {isa = PBXBuildFile; productRef = 164830AF29C3ECE9005E5E42 /* MoviesApp */; };
		164830B229C3ECE9005E5E42 /* SuperKit in Frameworks */ = {isa = PBXBuildFile; productRef = 164830B129C3ECE9005E5E42 /* SuperKit */; };
		164830B429C3ECE9005E5E42 /* SuperUI in Frameworks */ = {isa = PBXBuildFile; productRef = 164830B329C3ECE9005E5E42 /* SuperUI */; };
		164830B629C3ED1F005E5E42 /* NavigationBuilder.swift in Sources */ = {isa = PBXBuildFile; fileRef = 164830B529C3ED1F005E5E42 /* NavigationBuilder.swift */; };
		16BA6DB829BE5ECA000E5274 /* SuperApp.swift in Sources */ = {isa = PBXBuildFile; fileRef = 16BA6DB729BE5ECA000E5274 /* SuperApp.swift */; };
		16BA6DBA29BE5ECA000E5274 /* ContentView.swift in Sources */ = {isa = PBXBuildFile; fileRef = 16BA6DB929BE5ECA000E5274 /* ContentView.swift */; };
		16BA6DBC29BE5ECB000E5274 /* Assets.xcassets in Resources */ = {isa = PBXBuildFile; fileRef = 16BA6DBB29BE5ECB000E5274 /* Assets.xcassets */; };
		16BA6DBF29BE5ECB000E5274 /* Preview Assets.xcassets in Resources */ = {isa = PBXBuildFile; fileRef = 16BA6DBE29BE5ECB000E5274 /* Preview Assets.xcassets */; };
		7986FC2B2A24D8CD004E2A81 /* Factory in Frameworks */ = {isa = PBXBuildFile; productRef = 7986FC2A2A24D8CD004E2A81 /* Factory */; };
/* End PBXBuildFile section */

/* Begin PBXFileReference section */
		164830A529C3EC55005E5E42 /* SuperUI */ = {isa = PBXFileReference; lastKnownFileType = wrapper; path = SuperUI; sourceTree = "<group>"; };
		164830A629C3EC55005E5E42 /* SuperKit */ = {isa = PBXFileReference; lastKnownFileType = wrapper; path = SuperKit; sourceTree = "<group>"; };
		164830A829C3EC5B005E5E42 /* LoginApp */ = {isa = PBXFileReference; lastKnownFileType = wrapper; path = LoginApp; sourceTree = "<group>"; };
		164830A929C3EC5B005E5E42 /* MoviesApp */ = {isa = PBXFileReference; lastKnownFileType = wrapper; path = MoviesApp; sourceTree = "<group>"; };
		164830B529C3ED1F005E5E42 /* NavigationBuilder.swift */ = {isa = PBXFileReference; lastKnownFileType = sourcecode.swift; path = NavigationBuilder.swift; sourceTree = "<group>"; };
		16BA6DB429BE5ECA000E5274 /* SuperApp.app */ = {isa = PBXFileReference; explicitFileType = wrapper.application; includeInIndex = 0; path = SuperApp.app; sourceTree = BUILT_PRODUCTS_DIR; };
		16BA6DB729BE5ECA000E5274 /* SuperApp.swift */ = {isa = PBXFileReference; lastKnownFileType = sourcecode.swift; path = SuperApp.swift; sourceTree = "<group>"; };
		16BA6DB929BE5ECA000E5274 /* ContentView.swift */ = {isa = PBXFileReference; lastKnownFileType = sourcecode.swift; path = ContentView.swift; sourceTree = "<group>"; };
		16BA6DBB29BE5ECB000E5274 /* Assets.xcassets */ = {isa = PBXFileReference; lastKnownFileType = folder.assetcatalog; path = Assets.xcassets; sourceTree = "<group>"; };
		16BA6DBE29BE5ECB000E5274 /* Preview Assets.xcassets */ = {isa = PBXFileReference; lastKnownFileType = folder.assetcatalog; path = "Preview Assets.xcassets"; sourceTree = "<group>"; };
/* End PBXFileReference section */

/* Begin PBXFrameworksBuildPhase section */
		16BA6DB129BE5ECA000E5274 /* Frameworks */ = {
			isa = PBXFrameworksBuildPhase;
			buildActionMask = 2147483647;
			files = (
				164830B429C3ECE9005E5E42 /* SuperUI in Frameworks */,
				7986FC2B2A24D8CD004E2A81 /* Factory in Frameworks */,
				164830B029C3ECE9005E5E42 /* MoviesApp in Frameworks */,
				164830AE29C3ECE9005E5E42 /* LoginApp in Frameworks */,
				164830B229C3ECE9005E5E42 /* SuperKit in Frameworks */,
			);
			runOnlyForDeploymentPostprocessing = 0;
		};
/* End PBXFrameworksBuildPhase section */

/* Begin PBXGroup section */
		164830A329C3EC39005E5E42 /* Modules */ = {
			isa = PBXGroup;
			children = (
				164830A629C3EC55005E5E42 /* SuperKit */,
				164830A529C3EC55005E5E42 /* SuperUI */,
			);
			name = Modules;
			path = ../Modules;
			sourceTree = "<group>";
		};
		164830A429C3EC40005E5E42 /* Apps */ = {
			isa = PBXGroup;
			children = (
				164830A829C3EC5B005E5E42 /* LoginApp */,
				164830A929C3EC5B005E5E42 /* MoviesApp */,
			);
			name = Apps;
			path = ../Apps;
			sourceTree = "<group>";
		};
		164830AA29C3ECE9005E5E42 /* Frameworks */ = {
			isa = PBXGroup;
			children = (
			);
			name = Frameworks;
			sourceTree = "<group>";
		};
		16BA6DAB29BE5ECA000E5274 = {
			isa = PBXGroup;
			children = (
				16BA6DB629BE5ECA000E5274 /* SuperApp */,
				16BA6DB529BE5ECA000E5274 /* Products */,
				164830AA29C3ECE9005E5E42 /* Frameworks */,
			);
			sourceTree = "<group>";
		};
		16BA6DB529BE5ECA000E5274 /* Products */ = {
			isa = PBXGroup;
			children = (
				16BA6DB429BE5ECA000E5274 /* SuperApp.app */,
			);
			name = Products;
			sourceTree = "<group>";
		};
		16BA6DB629BE5ECA000E5274 /* SuperApp */ = {
			isa = PBXGroup;
			children = (
				164830A429C3EC40005E5E42 /* Apps */,
				164830A329C3EC39005E5E42 /* Modules */,
				16BA6DB729BE5ECA000E5274 /* SuperApp.swift */,
				16BA6DB929BE5ECA000E5274 /* ContentView.swift */,
				16BA6DBB29BE5ECB000E5274 /* Assets.xcassets */,
				16BA6DBD29BE5ECB000E5274 /* Preview Content */,
				164830B529C3ED1F005E5E42 /* NavigationBuilder.swift */,
			);
			path = SuperApp;
			sourceTree = "<group>";
		};
		16BA6DBD29BE5ECB000E5274 /* Preview Content */ = {
			isa = PBXGroup;
			children = (
				16BA6DBE29BE5ECB000E5274 /* Preview Assets.xcassets */,
			);
			path = "Preview Content";
			sourceTree = "<group>";
		};
/* End PBXGroup section */

/* Begin PBXNativeTarget section */
		16BA6DB329BE5ECA000E5274 /* SuperApp */ = {
			isa = PBXNativeTarget;
			buildConfigurationList = 16BA6DC229BE5ECB000E5274 /* Build configuration list for PBXNativeTarget "SuperApp" */;
			buildPhases = (
				16BA6DB029BE5ECA000E5274 /* Sources */,
				16BA6DB129BE5ECA000E5274 /* Frameworks */,
				16BA6DB229BE5ECA000E5274 /* Resources */,
			);
			buildRules = (
			);
			dependencies = (
			);
			name = SuperApp;
			packageProductDependencies = (
				164830AD29C3ECE9005E5E42 /* LoginApp */,
				164830AF29C3ECE9005E5E42 /* MoviesApp */,
				164830B129C3ECE9005E5E42 /* SuperKit */,
				164830B329C3ECE9005E5E42 /* SuperUI */,
				7986FC2A2A24D8CD004E2A81 /* Factory */,
			);
			productName = SuperApp;
			productReference = 16BA6DB429BE5ECA000E5274 /* SuperApp.app */;
			productType = "com.apple.product-type.application";
		};
/* End PBXNativeTarget section */

/* Begin PBXProject section */
		16BA6DAC29BE5ECA000E5274 /* Project object */ = {
			isa = PBXProject;
			attributes = {
				BuildIndependentTargetsInParallel = 1;
				LastSwiftUpdateCheck = 1420;
				LastUpgradeCheck = 1420;
				TargetAttributes = {
					16BA6DB329BE5ECA000E5274 = {
						CreatedOnToolsVersion = 14.2;
					};
				};
			};
			buildConfigurationList = 16BA6DAF29BE5ECA000E5274 /* Build configuration list for PBXProject "SuperApp" */;
			compatibilityVersion = "Xcode 14.0";
			developmentRegion = en;
			hasScannedForEncodings = 0;
			knownRegions = (
				en,
				Base,
			);
			mainGroup = 16BA6DAB29BE5ECA000E5274;
			packageReferences = (
				7986FC292A24D8CD004E2A81 /* XCRemoteSwiftPackageReference "Factory" */,
			);
			productRefGroup = 16BA6DB529BE5ECA000E5274 /* Products */;
			projectDirPath = "";
			projectRoot = "";
			targets = (
				16BA6DB329BE5ECA000E5274 /* SuperApp */,
			);
		};
/* End PBXProject section */

/* Begin PBXResourcesBuildPhase section */
		16BA6DB229BE5ECA000E5274 /* Resources */ = {
			isa = PBXResourcesBuildPhase;
			buildActionMask = 2147483647;
			files = (
				16BA6DBF29BE5ECB000E5274 /* Preview Assets.xcassets in Resources */,
				16BA6DBC29BE5ECB000E5274 /* Assets.xcassets in Resources */,
			);
			runOnlyForDeploymentPostprocessing = 0;
		};
/* End PBXResourcesBuildPhase section */

/* Begin PBXSourcesBuildPhase section */
		16BA6DB029BE5ECA000E5274 /* Sources */ = {
			isa = PBXSourcesBuildPhase;
			buildActionMask = 2147483647;
			files = (
				16BA6DBA29BE5ECA000E5274 /* ContentView.swift in Sources */,
				16BA6DB829BE5ECA000E5274 /* SuperApp.swift in Sources */,
				164830B629C3ED1F005E5E42 /* NavigationBuilder.swift in Sources */,
			);
			runOnlyForDeploymentPostprocessing = 0;
		};
/* End PBXSourcesBuildPhase section */

/* Begin XCBuildConfiguration section */
		16BA6DC029BE5ECB000E5274 /* Debug */ = {
			isa = XCBuildConfiguration;
			buildSettings = {
				ALWAYS_SEARCH_USER_PATHS = NO;
				CLANG_ANALYZER_NONNULL = YES;
				CLANG_ANALYZER_NUMBER_OBJECT_CONVERSION = YES_AGGRESSIVE;
				CLANG_CXX_LANGUAGE_STANDARD = "gnu++20";
				CLANG_ENABLE_MODULES = YES;
				CLANG_ENABLE_OBJC_ARC = YES;
				CLANG_ENABLE_OBJC_WEAK = YES;
				CLANG_WARN_BLOCK_CAPTURE_AUTORELEASING = YES;
				CLANG_WARN_BOOL_CONVERSION = YES;
				CLANG_WARN_COMMA = YES;
				CLANG_WARN_CONSTANT_CONVERSION = YES;
				CLANG_WARN_DEPRECATED_OBJC_IMPLEMENTATIONS = YES;
				CLANG_WARN_DIRECT_OBJC_ISA_USAGE = YES_ERROR;
				CLANG_WARN_DOCUMENTATION_COMMENTS = YES;
				CLANG_WARN_EMPTY_BODY = YES;
				CLANG_WARN_ENUM_CONVERSION = YES;
				CLANG_WARN_INFINITE_RECURSION = YES;
				CLANG_WARN_INT_CONVERSION = YES;
				CLANG_WARN_NON_LITERAL_NULL_CONVERSION = YES;
				CLANG_WARN_OBJC_IMPLICIT_RETAIN_SELF = YES;
				CLANG_WARN_OBJC_LITERAL_CONVERSION = YES;
				CLANG_WARN_OBJC_ROOT_CLASS = YES_ERROR;
				CLANG_WARN_QUOTED_INCLUDE_IN_FRAMEWORK_HEADER = YES;
				CLANG_WARN_RANGE_LOOP_ANALYSIS = YES;
				CLANG_WARN_STRICT_PROTOTYPES = YES;
				CLANG_WARN_SUSPICIOUS_MOVE = YES;
				CLANG_WARN_UNGUARDED_AVAILABILITY = YES_AGGRESSIVE;
				CLANG_WARN_UNREACHABLE_CODE = YES;
				CLANG_WARN__DUPLICATE_METHOD_MATCH = YES;
				COPY_PHASE_STRIP = NO;
				DEBUG_INFORMATION_FORMAT = dwarf;
				ENABLE_STRICT_OBJC_MSGSEND = YES;
				ENABLE_TESTABILITY = YES;
				GCC_C_LANGUAGE_STANDARD = gnu11;
				GCC_DYNAMIC_NO_PIC = NO;
				GCC_NO_COMMON_BLOCKS = YES;
				GCC_OPTIMIZATION_LEVEL = 0;
				GCC_PREPROCESSOR_DEFINITIONS = (
					"DEBUG=1",
					"$(inherited)",
				);
				GCC_WARN_64_TO_32_BIT_CONVERSION = YES;
				GCC_WARN_ABOUT_RETURN_TYPE = YES_ERROR;
				GCC_WARN_UNDECLARED_SELECTOR = YES;
				GCC_WARN_UNINITIALIZED_AUTOS = YES_AGGRESSIVE;
				GCC_WARN_UNUSED_FUNCTION = YES;
				GCC_WARN_UNUSED_VARIABLE = YES;
				IPHONEOS_DEPLOYMENT_TARGET = 16.2;
				MTL_ENABLE_DEBUG_INFO = INCLUDE_SOURCE;
				MTL_FAST_MATH = YES;
				ONLY_ACTIVE_ARCH = YES;
				SDKROOT = iphoneos;
				SWIFT_ACTIVE_COMPILATION_CONDITIONS = DEBUG;
				SWIFT_OPTIMIZATION_LEVEL = "-Onone";
			};
			name = Debug;
		};
		16BA6DC129BE5ECB000E5274 /* Release */ = {
			isa = XCBuildConfiguration;
			buildSettings = {
				ALWAYS_SEARCH_USER_PATHS = NO;
				CLANG_ANALYZER_NONNULL = YES;
				CLANG_ANALYZER_NUMBER_OBJECT_CONVERSION = YES_AGGRESSIVE;
				CLANG_CXX_LANGUAGE_STANDARD = "gnu++20";
				CLANG_ENABLE_MODULES = YES;
				CLANG_ENABLE_OBJC_ARC = YES;
				CLANG_ENABLE_OBJC_WEAK = YES;
				CLANG_WARN_BLOCK_CAPTURE_AUTORELEASING = YES;
				CLANG_WARN_BOOL_CONVERSION = YES;
				CLANG_WARN_COMMA = YES;
				CLANG_WARN_CONSTANT_CONVERSION = YES;
				CLANG_WARN_DEPRECATED_OBJC_IMPLEMENTATIONS = YES;
				CLANG_WARN_DIRECT_OBJC_ISA_USAGE = YES_ERROR;
				CLANG_WARN_DOCUMENTATION_COMMENTS = YES;
				CLANG_WARN_EMPTY_BODY = YES;
				CLANG_WARN_ENUM_CONVERSION = YES;
				CLANG_WARN_INFINITE_RECURSION = YES;
				CLANG_WARN_INT_CONVERSION = YES;
				CLANG_WARN_NON_LITERAL_NULL_CONVERSION = YES;
				CLANG_WARN_OBJC_IMPLICIT_RETAIN_SELF = YES;
				CLANG_WARN_OBJC_LITERAL_CONVERSION = YES;
				CLANG_WARN_OBJC_ROOT_CLASS = YES_ERROR;
				CLANG_WARN_QUOTED_INCLUDE_IN_FRAMEWORK_HEADER = YES;
				CLANG_WARN_RANGE_LOOP_ANALYSIS = YES;
				CLANG_WARN_STRICT_PROTOTYPES = YES;
				CLANG_WARN_SUSPICIOUS_MOVE = YES;
				CLANG_WARN_UNGUARDED_AVAILABILITY = YES_AGGRESSIVE;
				CLANG_WARN_UNREACHABLE_CODE = YES;
				CLANG_WARN__DUPLICATE_METHOD_MATCH = YES;
				COPY_PHASE_STRIP = NO;
				DEBUG_INFORMATION_FORMAT = "dwarf-with-dsym";
				ENABLE_NS_ASSERTIONS = NO;
				ENABLE_STRICT_OBJC_MSGSEND = YES;
				GCC_C_LANGUAGE_STANDARD = gnu11;
				GCC_NO_COMMON_BLOCKS = YES;
				GCC_WARN_64_TO_32_BIT_CONVERSION = YES;
				GCC_WARN_ABOUT_RETURN_TYPE = YES_ERROR;
				GCC_WARN_UNDECLARED_SELECTOR = YES;
				GCC_WARN_UNINITIALIZED_AUTOS = YES_AGGRESSIVE;
				GCC_WARN_UNUSED_FUNCTION = YES;
				GCC_WARN_UNUSED_VARIABLE = YES;
				IPHONEOS_DEPLOYMENT_TARGET = 16.2;
				MTL_ENABLE_DEBUG_INFO = NO;
				MTL_FAST_MATH = YES;
				SDKROOT = iphoneos;
				SWIFT_COMPILATION_MODE = wholemodule;
				SWIFT_OPTIMIZATION_LEVEL = "-O";
				VALIDATE_PRODUCT = YES;
			};
			name = Release;
		};
		16BA6DC329BE5ECB000E5274 /* Debug */ = {
			isa = XCBuildConfiguration;
			buildSettings = {
				ASSETCATALOG_COMPILER_APPICON_NAME = AppIcon;
				ASSETCATALOG_COMPILER_GLOBAL_ACCENT_COLOR_NAME = AccentColor;
				CODE_SIGN_STYLE = Automatic;
				CURRENT_PROJECT_VERSION = 1;
				DEVELOPMENT_ASSET_PATHS = "\"SuperApp/Preview Content\"";
				ENABLE_PREVIEWS = YES;
				GENERATE_INFOPLIST_FILE = YES;
				INFOPLIST_KEY_UIApplicationSceneManifest_Generation = YES;
				INFOPLIST_KEY_UIApplicationSupportsIndirectInputEvents = YES;
				INFOPLIST_KEY_UILaunchScreen_Generation = YES;
				INFOPLIST_KEY_UISupportedInterfaceOrientations = UIInterfaceOrientationPortrait;
				LD_RUNPATH_SEARCH_PATHS = (
					"$(inherited)",
					"@executable_path/Frameworks",
				);
				MARKETING_VERSION = 1.0;
				PRODUCT_BUNDLE_IDENTIFIER = brenno.SuperApp;
				PRODUCT_NAME = "$(TARGET_NAME)";
				SUPPORTED_PLATFORMS = "iphoneos iphonesimulator";
				SUPPORTS_MACCATALYST = NO;
				SUPPORTS_MAC_DESIGNED_FOR_IPHONE_IPAD = NO;
				SWIFT_EMIT_LOC_STRINGS = YES;
				SWIFT_VERSION = 5.0;
				TARGETED_DEVICE_FAMILY = 1;
			};
			name = Debug;
		};
		16BA6DC429BE5ECB000E5274 /* Release */ = {
			isa = XCBuildConfiguration;
			buildSettings = {
				ASSETCATALOG_COMPILER_APPICON_NAME = AppIcon;
				ASSETCATALOG_COMPILER_GLOBAL_ACCENT_COLOR_NAME = AccentColor;
				CODE_SIGN_STYLE = Automatic;
				CURRENT_PROJECT_VERSION = 1;
				DEVELOPMENT_ASSET_PATHS = "\"SuperApp/Preview Content\"";
				ENABLE_PREVIEWS = YES;
				GENERATE_INFOPLIST_FILE = YES;
				INFOPLIST_KEY_UIApplicationSceneManifest_Generation = YES;
				INFOPLIST_KEY_UIApplicationSupportsIndirectInputEvents = YES;
				INFOPLIST_KEY_UILaunchScreen_Generation = YES;
				INFOPLIST_KEY_UISupportedInterfaceOrientations = UIInterfaceOrientationPortrait;
				LD_RUNPATH_SEARCH_PATHS = (
					"$(inherited)",
					"@executable_path/Frameworks",
				);
				MARKETING_VERSION = 1.0;
				PRODUCT_BUNDLE_IDENTIFIER = brenno.SuperApp;
				PRODUCT_NAME = "$(TARGET_NAME)";
				SUPPORTED_PLATFORMS = "iphoneos iphonesimulator";
				SUPPORTS_MACCATALYST = NO;
				SUPPORTS_MAC_DESIGNED_FOR_IPHONE_IPAD = NO;
				SWIFT_EMIT_LOC_STRINGS = YES;
				SWIFT_VERSION = 5.0;
				TARGETED_DEVICE_FAMILY = 1;
			};
			name = Release;
		};
/* End XCBuildConfiguration section */

/* Begin XCConfigurationList section */
		16BA6DAF29BE5ECA000E5274 /* Build configuration list for PBXProject "SuperApp" */ = {
			isa = XCConfigurationList;
			buildConfigurations = (
				16BA6DC029BE5ECB000E5274 /* Debug */,
				16BA6DC129BE5ECB000E5274 /* Release */,
			);
			defaultConfigurationIsVisible = 0;
			defaultConfigurationName = Release;
		};
		16BA6DC229BE5ECB000E5274 /* Build configuration list for PBXNativeTarget "SuperApp" */ = {
			isa = XCConfigurationList;
			buildConfigurations = (
				16BA6DC329BE5ECB000E5274 /* Debug */,
				16BA6DC429BE5ECB000E5274 /* Release */,
			);
			defaultConfigurationIsVisible = 0;
			defaultConfigurationName = Release;
		};
/* End XCConfigurationList section */

/* Begin XCRemoteSwiftPackageReference section */
		7986FC292A24D8CD004E2A81 /* XCRemoteSwiftPackageReference "Factory" */ = {
			isa = XCRemoteSwiftPackageReference;
			repositoryURL = "https://github.com/hmlongco/Factory";
			requirement = {
				kind = upToNextMajorVersion;
				minimumVersion = 2.1.5;
			};
		};
/* End XCRemoteSwiftPackageReference section */

/* Begin XCSwiftPackageProductDependency section */
		164830AD29C3ECE9005E5E42 /* LoginApp */ = {
			isa = XCSwiftPackageProductDependency;
			productName = LoginApp;
		};
		164830AF29C3ECE9005E5E42 /* MoviesApp */ = {
			isa = XCSwiftPackageProductDependency;
			productName = MoviesApp;
		};
		164830B129C3ECE9005E5E42 /* SuperKit */ = {
			isa = XCSwiftPackageProductDependency;
			productName = SuperKit;
		};
		164830B329C3ECE9005E5E42 /* SuperUI */ = {
			isa = XCSwiftPackageProductDependency;
			productName = SuperUI;
		};
		7986FC2A2A24D8CD004E2A81 /* Factory */ = {
			isa = XCSwiftPackageProductDependency;
			package = 7986FC292A24D8CD004E2A81 /* XCRemoteSwiftPackageReference "Factory" */;
			productName = Factory;
		};
/* End XCSwiftPackageProductDependency section */
	};
	rootObject = 16BA6DAC29BE5ECA000E5274 /* Project object */;
}
