// !$*UTF8*$!
{
	archiveVersion = 1;
	classes = {
	};
	objectVersion = 56;
	objects = {

/* Begin PBXBuildFile section */
		163EB71C29BE79D500CBC132 /* Injection in Frameworks */ = {isa = PBXBuildFile; productRef = 163EB71B29BE79D500CBC132 /* Injection */; };
		163EB71E29BE79D500CBC132 /* SuperUI in Frameworks */ = {isa = PBXBuildFile; productRef = 163EB71D29BE79D500CBC132 /* SuperUI */; };
		163EB72029BE7A0900CBC132 /* NavigationBuilder.swift in Sources */ = {isa = PBXBuildFile; fileRef = 163EB71F29BE7A0900CBC132 /* NavigationBuilder.swift */; };
		16651B6629BE7943004B3754 /* MoviesSampleApp.swift in Sources */ = {isa = PBXBuildFile; fileRef = 16651B6529BE7943004B3754 /* MoviesSampleApp.swift */; };
		16651B6829BE7943004B3754 /* ContentView.swift in Sources */ = {isa = PBXBuildFile; fileRef = 16651B6729BE7943004B3754 /* ContentView.swift */; };
		16651B6A29BE7944004B3754 /* Assets.xcassets in Resources */ = {isa = PBXBuildFile; fileRef = 16651B6929BE7944004B3754 /* Assets.xcassets */; };
		16651B6D29BE7944004B3754 /* Preview Assets.xcassets in Resources */ = {isa = PBXBuildFile; fileRef = 16651B6C29BE7944004B3754 /* Preview Assets.xcassets */; };
		16651B7629BE7988004B3754 /* MoviesApp in Frameworks */ = {isa = PBXBuildFile; productRef = 16651B7529BE7988004B3754 /* MoviesApp */; };
		16651B7C29BE79C5004B3754 /* SuperKit in Frameworks */ = {isa = PBXBuildFile; productRef = 16651B7B29BE79C5004B3754 /* SuperKit */; };
/* End PBXBuildFile section */

/* Begin PBXFileReference section */
		163EB71F29BE7A0900CBC132 /* NavigationBuilder.swift */ = {isa = PBXFileReference; lastKnownFileType = sourcecode.swift; path = NavigationBuilder.swift; sourceTree = "<group>"; };
		1648297929C3E79E005F0AE2 /* SuperKit */ = {isa = PBXFileReference; lastKnownFileType = wrapper; name = SuperKit; path = ../../../Modules/SuperKit; sourceTree = "<group>"; };
		1648297A29C3E79E005F0AE2 /* SuperUI */ = {isa = PBXFileReference; lastKnownFileType = wrapper; name = SuperUI; path = ../../../Modules/SuperUI; sourceTree = "<group>"; };
		1648297B29C3E79F005F0AE2 /* Injection */ = {isa = PBXFileReference; lastKnownFileType = wrapper; name = Injection; path = ../../../Modules/Injection; sourceTree = "<group>"; };
		16651B6229BE7943004B3754 /* MoviesSample.app */ = {isa = PBXFileReference; explicitFileType = wrapper.application; includeInIndex = 0; path = MoviesSample.app; sourceTree = BUILT_PRODUCTS_DIR; };
		16651B6529BE7943004B3754 /* MoviesSampleApp.swift */ = {isa = PBXFileReference; lastKnownFileType = sourcecode.swift; path = MoviesSampleApp.swift; sourceTree = "<group>"; };
		16651B6729BE7943004B3754 /* ContentView.swift */ = {isa = PBXFileReference; lastKnownFileType = sourcecode.swift; path = ContentView.swift; sourceTree = "<group>"; };
		16651B6929BE7944004B3754 /* Assets.xcassets */ = {isa = PBXFileReference; lastKnownFileType = folder.assetcatalog; path = Assets.xcassets; sourceTree = "<group>"; };
		16651B6C29BE7944004B3754 /* Preview Assets.xcassets */ = {isa = PBXFileReference; lastKnownFileType = folder.assetcatalog; path = "Preview Assets.xcassets"; sourceTree = "<group>"; };
		16651B7329BE7961004B3754 /* MoviesApp */ = {isa = PBXFileReference; lastKnownFileType = wrapper; name = MoviesApp; path = ..; sourceTree = "<group>"; };
/* End PBXFileReference section */

/* Begin PBXFrameworksBuildPhase section */
		16651B5F29BE7943004B3754 /* Frameworks */ = {
			isa = PBXFrameworksBuildPhase;
			buildActionMask = 2147483647;
			files = (
				163EB71E29BE79D500CBC132 /* SuperUI in Frameworks */,
				163EB71C29BE79D500CBC132 /* Injection in Frameworks */,
				16651B7629BE7988004B3754 /* MoviesApp in Frameworks */,
				16651B7C29BE79C5004B3754 /* SuperKit in Frameworks */,
			);
			runOnlyForDeploymentPostprocessing = 0;
		};
/* End PBXFrameworksBuildPhase section */

/* Begin PBXGroup section */
		16651B5929BE7943004B3754 = {
			isa = PBXGroup;
			children = (
				16651B7A29BE79B6004B3754 /* Modules */,
				16651B6429BE7943004B3754 /* MoviesSample */,
				16651B6329BE7943004B3754 /* Products */,
				16651B7429BE7988004B3754 /* Frameworks */,
			);
			sourceTree = "<group>";
		};
		16651B6329BE7943004B3754 /* Products */ = {
			isa = PBXGroup;
			children = (
				16651B6229BE7943004B3754 /* MoviesSample.app */,
			);
			name = Products;
			sourceTree = "<group>";
		};
		16651B6429BE7943004B3754 /* MoviesSample */ = {
			isa = PBXGroup;
			children = (
				16651B6529BE7943004B3754 /* MoviesSampleApp.swift */,
				16651B6729BE7943004B3754 /* ContentView.swift */,
				163EB71F29BE7A0900CBC132 /* NavigationBuilder.swift */,
				16651B6929BE7944004B3754 /* Assets.xcassets */,
				16651B6B29BE7944004B3754 /* Preview Content */,
			);
			path = MoviesSample;
			sourceTree = "<group>";
		};
		16651B6B29BE7944004B3754 /* Preview Content */ = {
			isa = PBXGroup;
			children = (
				16651B6C29BE7944004B3754 /* Preview Assets.xcassets */,
			);
			path = "Preview Content";
			sourceTree = "<group>";
		};
		16651B7429BE7988004B3754 /* Frameworks */ = {
			isa = PBXGroup;
			children = (
			);
			name = Frameworks;
			sourceTree = "<group>";
		};
		16651B7A29BE79B6004B3754 /* Modules */ = {
			isa = PBXGroup;
			children = (
				1648297B29C3E79F005F0AE2 /* Injection */,
				1648297929C3E79E005F0AE2 /* SuperKit */,
				1648297A29C3E79E005F0AE2 /* SuperUI */,
				16651B7329BE7961004B3754 /* MoviesApp */,
			);
			name = Modules;
			sourceTree = "<group>";
		};
/* End PBXGroup section */

/* Begin PBXNativeTarget section */
		16651B6129BE7943004B3754 /* MoviesSample */ = {
			isa = PBXNativeTarget;
			buildConfigurationList = 16651B7029BE7944004B3754 /* Build configuration list for PBXNativeTarget "MoviesSample" */;
			buildPhases = (
				16651B5E29BE7943004B3754 /* Sources */,
				16651B5F29BE7943004B3754 /* Frameworks */,
				16651B6029BE7943004B3754 /* Resources */,
			);
			buildRules = (
			);
			dependencies = (
			);
			name = MoviesSample;
			packageProductDependencies = (
				16651B7529BE7988004B3754 /* MoviesApp */,
				16651B7B29BE79C5004B3754 /* SuperKit */,
				163EB71B29BE79D500CBC132 /* Injection */,
				163EB71D29BE79D500CBC132 /* SuperUI */,
			);
			productName = MoviesSampleApp;
			productReference = 16651B6229BE7943004B3754 /* MoviesSample.app */;
			productType = "com.apple.product-type.application";
		};
/* End PBXNativeTarget section */

/* Begin PBXProject section */
		16651B5A29BE7943004B3754 /* Project object */ = {
			isa = PBXProject;
			attributes = {
				BuildIndependentTargetsInParallel = 1;
				LastSwiftUpdateCheck = 1420;
				LastUpgradeCheck = 1420;
				TargetAttributes = {
					16651B6129BE7943004B3754 = {
						CreatedOnToolsVersion = 14.2;
					};
				};
			};
			buildConfigurationList = 16651B5D29BE7943004B3754 /* Build configuration list for PBXProject "MoviesSample" */;
			compatibilityVersion = "Xcode 14.0";
			developmentRegion = en;
			hasScannedForEncodings = 0;
			knownRegions = (
				en,
				Base,
			);
			mainGroup = 16651B5929BE7943004B3754;
			productRefGroup = 16651B6329BE7943004B3754 /* Products */;
			projectDirPath = "";
			projectRoot = "";
			targets = (
				16651B6129BE7943004B3754 /* MoviesSample */,
			);
		};
/* End PBXProject section */

/* Begin PBXResourcesBuildPhase section */
		16651B6029BE7943004B3754 /* Resources */ = {
			isa = PBXResourcesBuildPhase;
			buildActionMask = 2147483647;
			files = (
				16651B6D29BE7944004B3754 /* Preview Assets.xcassets in Resources */,
				16651B6A29BE7944004B3754 /* Assets.xcassets in Resources */,
			);
			runOnlyForDeploymentPostprocessing = 0;
		};
/* End PBXResourcesBuildPhase section */

/* Begin PBXSourcesBuildPhase section */
		16651B5E29BE7943004B3754 /* Sources */ = {
			isa = PBXSourcesBuildPhase;
			buildActionMask = 2147483647;
			files = (
				16651B6829BE7943004B3754 /* ContentView.swift in Sources */,
				16651B6629BE7943004B3754 /* MoviesSampleApp.swift in Sources */,
				163EB72029BE7A0900CBC132 /* NavigationBuilder.swift in Sources */,
			);
			runOnlyForDeploymentPostprocessing = 0;
		};
/* End PBXSourcesBuildPhase section */

/* Begin XCBuildConfiguration section */
		16651B6E29BE7944004B3754 /* Debug */ = {
			isa = XCBuildConfiguration;
			buildSettings = {
				ALWAYS_SEARCH_USER_PATHS = NO;
				CLANG_ANALYZER_NONNULL = YES;
				CLANG_ANALYZER_NUMBER_OBJECT_CONVERSION = YES_AGGRESSIVE;
				CLANG_CXX_LANGUAGE_STANDARD = "gnu++20";
				CLANG_ENABLE_MODULES = YES;
				CLANG_ENABLE_OBJC_ARC = YES;
				CLANG_ENABLE_OBJC_WEAK = YES;
				CLANG_WARN_BLOCK_CAPTURE_AUTORELEASING = YES;
				CLANG_WARN_BOOL_CONVERSION = YES;
				CLANG_WARN_COMMA = YES;
				CLANG_WARN_CONSTANT_CONVERSION = YES;
				CLANG_WARN_DEPRECATED_OBJC_IMPLEMENTATIONS = YES;
				CLANG_WARN_DIRECT_OBJC_ISA_USAGE = YES_ERROR;
				CLANG_WARN_DOCUMENTATION_COMMENTS = YES;
				CLANG_WARN_EMPTY_BODY = YES;
				CLANG_WARN_ENUM_CONVERSION = YES;
				CLANG_WARN_INFINITE_RECURSION = YES;
				CLANG_WARN_INT_CONVERSION = YES;
				CLANG_WARN_NON_LITERAL_NULL_CONVERSION = YES;
				CLANG_WARN_OBJC_IMPLICIT_RETAIN_SELF = YES;
				CLANG_WARN_OBJC_LITERAL_CONVERSION = YES;
				CLANG_WARN_OBJC_ROOT_CLASS = YES_ERROR;
				CLANG_WARN_QUOTED_INCLUDE_IN_FRAMEWORK_HEADER = YES;
				CLANG_WARN_RANGE_LOOP_ANALYSIS = YES;
				CLANG_WARN_STRICT_PROTOTYPES = YES;
				CLANG_WARN_SUSPICIOUS_MOVE = YES;
				CLANG_WARN_UNGUARDED_AVAILABILITY = YES_AGGRESSIVE;
				CLANG_WARN_UNREACHABLE_CODE = YES;
				CLANG_WARN__DUPLICATE_METHOD_MATCH = YES;
				COPY_PHASE_STRIP = NO;
				DEBUG_INFORMATION_FORMAT = dwarf;
				ENABLE_STRICT_OBJC_MSGSEND = YES;
				ENABLE_TESTABILITY = YES;
				GCC_C_LANGUAGE_STANDARD = gnu11;
				GCC_DYNAMIC_NO_PIC = NO;
				GCC_NO_COMMON_BLOCKS = YES;
				GCC_OPTIMIZATION_LEVEL = 0;
				GCC_PREPROCESSOR_DEFINITIONS = (
					"DEBUG=1",
					"$(inherited)",
				);
				GCC_WARN_64_TO_32_BIT_CONVERSION = YES;
				GCC_WARN_ABOUT_RETURN_TYPE = YES_ERROR;
				GCC_WARN_UNDECLARED_SELECTOR = YES;
				GCC_WARN_UNINITIALIZED_AUTOS = YES_AGGRESSIVE;
				GCC_WARN_UNUSED_FUNCTION = YES;
				GCC_WARN_UNUSED_VARIABLE = YES;
				IPHONEOS_DEPLOYMENT_TARGET = 16.2;
				MTL_ENABLE_DEBUG_INFO = INCLUDE_SOURCE;
				MTL_FAST_MATH = YES;
				ONLY_ACTIVE_ARCH = YES;
				SDKROOT = iphoneos;
				SWIFT_ACTIVE_COMPILATION_CONDITIONS = DEBUG;
				SWIFT_OPTIMIZATION_LEVEL = "-Onone";
			};
			name = Debug;
		};
		16651B6F29BE7944004B3754 /* Release */ = {
			isa = XCBuildConfiguration;
			buildSettings = {
				ALWAYS_SEARCH_USER_PATHS = NO;
				CLANG_ANALYZER_NONNULL = YES;
				CLANG_ANALYZER_NUMBER_OBJECT_CONVERSION = YES_AGGRESSIVE;
				CLANG_CXX_LANGUAGE_STANDARD = "gnu++20";
				CLANG_ENABLE_MODULES = YES;
				CLANG_ENABLE_OBJC_ARC = YES;
				CLANG_ENABLE_OBJC_WEAK = YES;
				CLANG_WARN_BLOCK_CAPTURE_AUTORELEASING = YES;
				CLANG_WARN_BOOL_CONVERSION = YES;
				CLANG_WARN_COMMA = YES;
				CLANG_WARN_CONSTANT_CONVERSION = YES;
				CLANG_WARN_DEPRECATED_OBJC_IMPLEMENTATIONS = YES;
				CLANG_WARN_DIRECT_OBJC_ISA_USAGE = YES_ERROR;
				CLANG_WARN_DOCUMENTATION_COMMENTS = YES;
				CLANG_WARN_EMPTY_BODY = YES;
				CLANG_WARN_ENUM_CONVERSION = YES;
				CLANG_WARN_INFINITE_RECURSION = YES;
				CLANG_WARN_INT_CONVERSION = YES;
				CLANG_WARN_NON_LITERAL_NULL_CONVERSION = YES;
				CLANG_WARN_OBJC_IMPLICIT_RETAIN_SELF = YES;
				CLANG_WARN_OBJC_LITERAL_CONVERSION = YES;
				CLANG_WARN_OBJC_ROOT_CLASS = YES_ERROR;
				CLANG_WARN_QUOTED_INCLUDE_IN_FRAMEWORK_HEADER = YES;
				CLANG_WARN_RANGE_LOOP_ANALYSIS = YES;
				CLANG_WARN_STRICT_PROTOTYPES = YES;
				CLANG_WARN_SUSPICIOUS_MOVE = YES;
				CLANG_WARN_UNGUARDED_AVAILABILITY = YES_AGGRESSIVE;
				CLANG_WARN_UNREACHABLE_CODE = YES;
				CLANG_WARN__DUPLICATE_METHOD_MATCH = YES;
				COPY_PHASE_STRIP = NO;
				DEBUG_INFORMATION_FORMAT = "dwarf-with-dsym";
				ENABLE_NS_ASSERTIONS = NO;
				ENABLE_STRICT_OBJC_MSGSEND = YES;
				GCC_C_LANGUAGE_STANDARD = gnu11;
				GCC_NO_COMMON_BLOCKS = YES;
				GCC_WARN_64_TO_32_BIT_CONVERSION = YES;
				GCC_WARN_ABOUT_RETURN_TYPE = YES_ERROR;
				GCC_WARN_UNDECLARED_SELECTOR = YES;
				GCC_WARN_UNINITIALIZED_AUTOS = YES_AGGRESSIVE;
				GCC_WARN_UNUSED_FUNCTION = YES;
				GCC_WARN_UNUSED_VARIABLE = YES;
				IPHONEOS_DEPLOYMENT_TARGET = 16.2;
				MTL_ENABLE_DEBUG_INFO = NO;
				MTL_FAST_MATH = YES;
				SDKROOT = iphoneos;
				SWIFT_COMPILATION_MODE = wholemodule;
				SWIFT_OPTIMIZATION_LEVEL = "-O";
				VALIDATE_PRODUCT = YES;
			};
			name = Release;
		};
		16651B7129BE7944004B3754 /* Debug */ = {
			isa = XCBuildConfiguration;
			buildSettings = {
				ASSETCATALOG_COMPILER_APPICON_NAME = AppIcon;
				ASSETCATALOG_COMPILER_GLOBAL_ACCENT_COLOR_NAME = AccentColor;
				CODE_SIGN_STYLE = Automatic;
				CURRENT_PROJECT_VERSION = 1;
				DEVELOPMENT_ASSET_PATHS = "\"MoviesSample/Preview Content\"";
				ENABLE_PREVIEWS = YES;
				GENERATE_INFOPLIST_FILE = YES;
				INFOPLIST_KEY_UIApplicationSceneManifest_Generation = YES;
				INFOPLIST_KEY_UIApplicationSupportsIndirectInputEvents = YES;
				INFOPLIST_KEY_UILaunchScreen_Generation = YES;
				INFOPLIST_KEY_UISupportedInterfaceOrientations = UIInterfaceOrientationPortrait;
				INFOPLIST_KEY_UISupportedInterfaceOrientations_iPad = "UIInterfaceOrientationLandscapeLeft UIInterfaceOrientationLandscapeRight UIInterfaceOrientationPortrait UIInterfaceOrientationPortraitUpsideDown";
				LD_RUNPATH_SEARCH_PATHS = (
					"$(inherited)",
					"@executable_path/Frameworks",
				);
				MARKETING_VERSION = 1.0;
				PRODUCT_BUNDLE_IDENTIFIER = brenno.MoviesSample;
				PRODUCT_NAME = "$(TARGET_NAME)";
				SUPPORTED_PLATFORMS = "iphoneos iphonesimulator";
				SUPPORTS_MACCATALYST = NO;
				SUPPORTS_MAC_DESIGNED_FOR_IPHONE_IPAD = NO;
				SWIFT_EMIT_LOC_STRINGS = YES;
				SWIFT_VERSION = 5.0;
				TARGETED_DEVICE_FAMILY = 1;
			};
			name = Debug;
		};
		16651B7229BE7944004B3754 /* Release */ = {
			isa = XCBuildConfiguration;
			buildSettings = {
				ASSETCATALOG_COMPILER_APPICON_NAME = AppIcon;
				ASSETCATALOG_COMPILER_GLOBAL_ACCENT_COLOR_NAME = AccentColor;
				CODE_SIGN_STYLE = Automatic;
				CURRENT_PROJECT_VERSION = 1;
				DEVELOPMENT_ASSET_PATHS = "\"MoviesSample/Preview Content\"";
				ENABLE_PREVIEWS = YES;
				GENERATE_INFOPLIST_FILE = YES;
				INFOPLIST_KEY_UIApplicationSceneManifest_Generation = YES;
				INFOPLIST_KEY_UIApplicationSupportsIndirectInputEvents = YES;
				INFOPLIST_KEY_UILaunchScreen_Generation = YES;
				INFOPLIST_KEY_UISupportedInterfaceOrientations = UIInterfaceOrientationPortrait;
				INFOPLIST_KEY_UISupportedInterfaceOrientations_iPad = "UIInterfaceOrientationLandscapeLeft UIInterfaceOrientationLandscapeRight UIInterfaceOrientationPortrait UIInterfaceOrientationPortraitUpsideDown";
				LD_RUNPATH_SEARCH_PATHS = (
					"$(inherited)",
					"@executable_path/Frameworks",
				);
				MARKETING_VERSION = 1.0;
				PRODUCT_BUNDLE_IDENTIFIER = brenno.MoviesSample;
				PRODUCT_NAME = "$(TARGET_NAME)";
				SUPPORTED_PLATFORMS = "iphoneos iphonesimulator";
				SUPPORTS_MACCATALYST = NO;
				SUPPORTS_MAC_DESIGNED_FOR_IPHONE_IPAD = NO;
				SWIFT_EMIT_LOC_STRINGS = YES;
				SWIFT_VERSION = 5.0;
				TARGETED_DEVICE_FAMILY = 1;
			};
			name = Release;
		};
/* End XCBuildConfiguration section */

/* Begin XCConfigurationList section */
		16651B5D29BE7943004B3754 /* Build configuration list for PBXProject "MoviesSample" */ = {
			isa = XCConfigurationList;
			buildConfigurations = (
				16651B6E29BE7944004B3754 /* Debug */,
				16651B6F29BE7944004B3754 /* Release */,
			);
			defaultConfigurationIsVisible = 0;
			defaultConfigurationName = Release;
		};
		16651B7029BE7944004B3754 /* Build configuration list for PBXNativeTarget "MoviesSample" */ = {
			isa = XCConfigurationList;
			buildConfigurations = (
				16651B7129BE7944004B3754 /* Debug */,
				16651B7229BE7944004B3754 /* Release */,
			);
			defaultConfigurationIsVisible = 0;
			defaultConfigurationName = Release;
		};
/* End XCConfigurationList section */

/* Begin XCSwiftPackageProductDependency section */
		163EB71B29BE79D500CBC132 /* Injection */ = {
			isa = XCSwiftPackageProductDependency;
			productName = Injection;
		};
		163EB71D29BE79D500CBC132 /* SuperUI */ = {
			isa = XCSwiftPackageProductDependency;
			productName = SuperUI;
		};
		16651B7529BE7988004B3754 /* MoviesApp */ = {
			isa = XCSwiftPackageProductDependency;
			productName = MoviesApp;
		};
		16651B7B29BE79C5004B3754 /* SuperKit */ = {
			isa = XCSwiftPackageProductDependency;
			productName = SuperKit;
		};
/* End XCSwiftPackageProductDependency section */
	};
	rootObject = 16651B5A29BE7943004B3754 /* Project object */;
}
