{
  "pins" : [
    {
      "identity" : "navigation-kit",
      "kind" : "remoteSourceControl",
      "location" : "https://github.com/brennobemoura/navigation-kit.git",
      "state" : {
        "revision" : "aa400622123a0df510549f2c59faa60e03402a5c",
        "version" : "1.0.0-alpha"
      }
    },
    {
      "identity" : "request-dl",
      "kind" : "remoteSourceControl",
      "location" : "https://github.com/request-dl/request-dl.git",
      "state" : {
        "revision" : "e7cd5449a72db2419690dc9a690346d361d60a76",
        "version" : "1.0.0-test"
      }
    }
  ],
  "version" : 2
}
