{
  "pins" : [
    {
      "identity" : "navigation-kit",
      "kind" : "remoteSourceControl",
      "location" : "https://github.com/brennobemoura/navigation-kit.git",
      "state" : {
        "revision" : "aa400622123a0df510549f2c59faa60e03402a5c",
        "version" : "1.0.0-alpha"
      }
    },
    {
      "identity" : "request-dl",
      "kind" : "remoteSourceControl",
      "location" : "https://github.com/brennobemoura/request-dl.git",
      "state" : {
        "revision" : "5281d191fe6d5bad713d93a49d5dced84530ade2",
        "version" : "1.0.0"
      }
    }
  ],
  "version" : 2
}
